
Microsoft Visual Studio Solution File, Format Version 12.00
# Visual Studio 15
VisualStudioVersion = 15.0.28307.136
MinimumVisualStudioVersion = 10.0.40219.1
Project("{FAE04EC0-301F-11D3-BF4B-00C04F79EFBC}") = "XFormsAppDesignTwo.Android", "XFormsAppDesignTwo\XFormsAppDesignTwo.Android\XFormsAppDesignTwo.Android.csproj", "{9BA88060-91C2-4984-A028-FE8E64B1AC23}"
EndProject
Project("{FAE04EC0-301F-11D3-BF4B-00C04F79EFBC}") = "XFormsAppDesignTwo.iOS", "XFormsAppDesignTwo\XFormsAppDesignTwo.iOS\XFormsAppDesignTwo.iOS.csproj", "{32466C85-9929-4EE0-8B91-15CAE129623F}"
EndProject
Project("{FAE04EC0-301F-11D3-BF4B-00C04F79EFBC}") = "XFormsAppDesignTwo.UWP", "XFormsAppDesignTwo\XFormsAppDesignTwo.UWP\XFormsAppDesignTwo.UWP.csproj", "{12EF7D2A-2FDE-4049-8562-E16CBCC1870A}"
EndProject
Project("{9A19103F-16F7-4668-BE54-9A1E7A4F7556}") = "XFormsAppDesignTwo", "XFormsAppDesignTwo\XFormsAppDesignTwo\XFormsAppDesignTwo.csproj", "{5FB653C6-F545-4AF6-B138-168D048D7A07}"
EndProject
Project("{2150E333-8FDC-42A3-9474-1A3956D46DE8}") = "test", "test", "{177C8B80-B0E5-4A9C-8B97-ABA202395EEB}"
EndProject
Project("{9A19103F-16F7-4668-BE54-9A1E7A4F7556}") = "XFormsAppDesignTwo.UnitTests", "test\XFormsAppDesignTwo.UnitTests\XFormsAppDesignTwo.UnitTests.csproj", "{A71E876C-06B6-41DC-95C6-4AEFB6BD9AA1}"
EndProject
Project("{FAE04EC0-301F-11D3-BF4B-00C04F79EFBC}") = "XFormsAppDesignTwo.TestRunner.Droid", "test\XFormsAppDesignTwo.TestRunner.Droid\XFormsAppDesignTwo.TestRunner.Droid.csproj", "{40BBE779-3D7E-488B-9D77-83043E87B26E}"
EndProject
Project("{FAE04EC0-301F-11D3-BF4B-00C04F79EFBC}") = "XFormsAppDesignTwo.TestRunner.iOS", "test\XFormsAppDesignTwo.TestRunner.iOS\XFormsAppDesignTwo.TestRunner.iOS.csproj", "{7B301D1B-4EA0-41E1-A68A-FDFD62B2EA29}"
EndProject
Project("{FAE04EC0-301F-11D3-BF4B-00C04F79EFBC}") = "XFormsAppDesignTwo.TestRunner.UWP", "test\XFormsAppDesignTwo.TestRunner.UWP\XFormsAppDesignTwo.TestRunner.UWP.csproj", "{A4A1D92D-0A25-4B81-9B10-2DF6215E0533}"
EndProject
Project("{FAE04EC0-301F-11D3-BF4B-00C04F79EFBC}") = "XFormsAppDesignTwo.Config", "XFormsAppDesignTwo\XFormsAppDesignTwo.Config\XFormsAppDesignTwo.Config.csproj", "{EE6B05F8-2F46-4592-9A98-B54A78343D99}"
EndProject
Global
	GlobalSection(SolutionConfigurationPlatforms) = preSolution
		Ad-Hoc|Any CPU = Ad-Hoc|Any CPU
		Ad-Hoc|ARM = Ad-Hoc|ARM
		Ad-Hoc|iPhone = Ad-Hoc|iPhone
		Ad-Hoc|iPhoneSimulator = Ad-Hoc|iPhoneSimulator
		Ad-Hoc|x64 = Ad-Hoc|x64
		Ad-Hoc|x86 = Ad-Hoc|x86
		AppStore|Any CPU = AppStore|Any CPU
		AppStore|ARM = AppStore|ARM
		AppStore|iPhone = AppStore|iPhone
		AppStore|iPhoneSimulator = AppStore|iPhoneSimulator
		AppStore|x64 = AppStore|x64
		AppStore|x86 = AppStore|x86
		Debug|Any CPU = Debug|Any CPU
		Debug|ARM = Debug|ARM
		Debug|iPhone = Debug|iPhone
		Debug|iPhoneSimulator = Debug|iPhoneSimulator
		Debug|x64 = Debug|x64
		Debug|x86 = Debug|x86
		Release|Any CPU = Release|Any CPU
		Release|ARM = Release|ARM
		Release|iPhone = Release|iPhone
		Release|iPhoneSimulator = Release|iPhoneSimulator
		Release|x64 = Release|x64
		Release|x86 = Release|x86
	EndGlobalSection
	GlobalSection(ProjectConfigurationPlatforms) = postSolution
		{9BA88060-91C2-4984-A028-FE8E64B1AC23}.Ad-Hoc|Any CPU.ActiveCfg = Release|Any CPU
		{9BA88060-91C2-4984-A028-FE8E64B1AC23}.Ad-Hoc|Any CPU.Build.0 = Release|Any CPU
		{9BA88060-91C2-4984-A028-FE8E64B1AC23}.Ad-Hoc|Any CPU.Deploy.0 = Release|Any CPU
		{9BA88060-91C2-4984-A028-FE8E64B1AC23}.Ad-Hoc|ARM.ActiveCfg = Release|Any CPU
		{9BA88060-91C2-4984-A028-FE8E64B1AC23}.Ad-Hoc|ARM.Build.0 = Release|Any CPU
		{9BA88060-91C2-4984-A028-FE8E64B1AC23}.Ad-Hoc|ARM.Deploy.0 = Release|Any CPU
		{9BA88060-91C2-4984-A028-FE8E64B1AC23}.Ad-Hoc|iPhone.ActiveCfg = Release|Any CPU
		{9BA88060-91C2-4984-A028-FE8E64B1AC23}.Ad-Hoc|iPhone.Build.0 = Release|Any CPU
		{9BA88060-91C2-4984-A028-FE8E64B1AC23}.Ad-Hoc|iPhone.Deploy.0 = Release|Any CPU
		{9BA88060-91C2-4984-A028-FE8E64B1AC23}.Ad-Hoc|iPhoneSimulator.ActiveCfg = Release|Any CPU
		{9BA88060-91C2-4984-A028-FE8E64B1AC23}.Ad-Hoc|iPhoneSimulator.Build.0 = Release|Any CPU
		{9BA88060-91C2-4984-A028-FE8E64B1AC23}.Ad-Hoc|iPhoneSimulator.Deploy.0 = Release|Any CPU
		{9BA88060-91C2-4984-A028-FE8E64B1AC23}.Ad-Hoc|x64.ActiveCfg = Release|Any CPU
		{9BA88060-91C2-4984-A028-FE8E64B1AC23}.Ad-Hoc|x64.Build.0 = Release|Any CPU
		{9BA88060-91C2-4984-A028-FE8E64B1AC23}.Ad-Hoc|x64.Deploy.0 = Release|Any CPU
		{9BA88060-91C2-4984-A028-FE8E64B1AC23}.Ad-Hoc|x86.ActiveCfg = Release|Any CPU
		{9BA88060-91C2-4984-A028-FE8E64B1AC23}.Ad-Hoc|x86.Build.0 = Release|Any CPU
		{9BA88060-91C2-4984-A028-FE8E64B1AC23}.Ad-Hoc|x86.Deploy.0 = Release|Any CPU
		{9BA88060-91C2-4984-A028-FE8E64B1AC23}.AppStore|Any CPU.ActiveCfg = Release|Any CPU
		{9BA88060-91C2-4984-A028-FE8E64B1AC23}.AppStore|Any CPU.Build.0 = Release|Any CPU
		{9BA88060-91C2-4984-A028-FE8E64B1AC23}.AppStore|Any CPU.Deploy.0 = Release|Any CPU
		{9BA88060-91C2-4984-A028-FE8E64B1AC23}.AppStore|ARM.ActiveCfg = Release|Any CPU
		{9BA88060-91C2-4984-A028-FE8E64B1AC23}.AppStore|ARM.Build.0 = Release|Any CPU
		{9BA88060-91C2-4984-A028-FE8E64B1AC23}.AppStore|ARM.Deploy.0 = Release|Any CPU
		{9BA88060-91C2-4984-A028-FE8E64B1AC23}.AppStore|iPhone.ActiveCfg = Release|Any CPU
		{9BA88060-91C2-4984-A028-FE8E64B1AC23}.AppStore|iPhone.Build.0 = Release|Any CPU
		{9BA88060-91C2-4984-A028-FE8E64B1AC23}.AppStore|iPhone.Deploy.0 = Release|Any CPU
		{9BA88060-91C2-4984-A028-FE8E64B1AC23}.AppStore|iPhoneSimulator.ActiveCfg = Release|Any CPU
		{9BA88060-91C2-4984-A028-FE8E64B1AC23}.AppStore|iPhoneSimulator.Build.0 = Release|Any CPU
		{9BA88060-91C2-4984-A028-FE8E64B1AC23}.AppStore|iPhoneSimulator.Deploy.0 = Release|Any CPU
		{9BA88060-91C2-4984-A028-FE8E64B1AC23}.AppStore|x64.ActiveCfg = Release|Any CPU
		{9BA88060-91C2-4984-A028-FE8E64B1AC23}.AppStore|x64.Build.0 = Release|Any CPU
		{9BA88060-91C2-4984-A028-FE8E64B1AC23}.AppStore|x64.Deploy.0 = Release|Any CPU
		{9BA88060-91C2-4984-A028-FE8E64B1AC23}.AppStore|x86.ActiveCfg = Release|Any CPU
		{9BA88060-91C2-4984-A028-FE8E64B1AC23}.AppStore|x86.Build.0 = Release|Any CPU
		{9BA88060-91C2-4984-A028-FE8E64B1AC23}.AppStore|x86.Deploy.0 = Release|Any CPU
		{9BA88060-91C2-4984-A028-FE8E64B1AC23}.Debug|Any CPU.ActiveCfg = Debug|Any CPU
		{9BA88060-91C2-4984-A028-FE8E64B1AC23}.Debug|Any CPU.Build.0 = Debug|Any CPU
		{9BA88060-91C2-4984-A028-FE8E64B1AC23}.Debug|Any CPU.Deploy.0 = Debug|Any CPU
		{9BA88060-91C2-4984-A028-FE8E64B1AC23}.Debug|ARM.ActiveCfg = Debug|Any CPU
		{9BA88060-91C2-4984-A028-FE8E64B1AC23}.Debug|ARM.Build.0 = Debug|Any CPU
		{9BA88060-91C2-4984-A028-FE8E64B1AC23}.Debug|ARM.Deploy.0 = Debug|Any CPU
		{9BA88060-91C2-4984-A028-FE8E64B1AC23}.Debug|iPhone.ActiveCfg = Debug|Any CPU
		{9BA88060-91C2-4984-A028-FE8E64B1AC23}.Debug|iPhone.Build.0 = Debug|Any CPU
		{9BA88060-91C2-4984-A028-FE8E64B1AC23}.Debug|iPhone.Deploy.0 = Debug|Any CPU
		{9BA88060-91C2-4984-A028-FE8E64B1AC23}.Debug|iPhoneSimulator.ActiveCfg = Debug|Any CPU
		{9BA88060-91C2-4984-A028-FE8E64B1AC23}.Debug|iPhoneSimulator.Build.0 = Debug|Any CPU
		{9BA88060-91C2-4984-A028-FE8E64B1AC23}.Debug|iPhoneSimulator.Deploy.0 = Debug|Any CPU
		{9BA88060-91C2-4984-A028-FE8E64B1AC23}.Debug|x64.ActiveCfg = Debug|Any CPU
		{9BA88060-91C2-4984-A028-FE8E64B1AC23}.Debug|x64.Build.0 = Debug|Any CPU
		{9BA88060-91C2-4984-A028-FE8E64B1AC23}.Debug|x64.Deploy.0 = Debug|Any CPU
		{9BA88060-91C2-4984-A028-FE8E64B1AC23}.Debug|x86.ActiveCfg = Debug|Any CPU
		{9BA88060-91C2-4984-A028-FE8E64B1AC23}.Debug|x86.Build.0 = Debug|Any CPU
		{9BA88060-91C2-4984-A028-FE8E64B1AC23}.Debug|x86.Deploy.0 = Debug|Any CPU
		{9BA88060-91C2-4984-A028-FE8E64B1AC23}.Release|Any CPU.ActiveCfg = Release|Any CPU
		{9BA88060-91C2-4984-A028-FE8E64B1AC23}.Release|Any CPU.Build.0 = Release|Any CPU
		{9BA88060-91C2-4984-A028-FE8E64B1AC23}.Release|Any CPU.Deploy.0 = Release|Any CPU
		{9BA88060-91C2-4984-A028-FE8E64B1AC23}.Release|ARM.ActiveCfg = Release|Any CPU
		{9BA88060-91C2-4984-A028-FE8E64B1AC23}.Release|ARM.Build.0 = Release|Any CPU
		{9BA88060-91C2-4984-A028-FE8E64B1AC23}.Release|ARM.Deploy.0 = Release|Any CPU
		{9BA88060-91C2-4984-A028-FE8E64B1AC23}.Release|iPhone.ActiveCfg = Release|Any CPU
		{9BA88060-91C2-4984-A028-FE8E64B1AC23}.Release|iPhone.Build.0 = Release|Any CPU
		{9BA88060-91C2-4984-A028-FE8E64B1AC23}.Release|iPhone.Deploy.0 = Release|Any CPU
		{9BA88060-91C2-4984-A028-FE8E64B1AC23}.Release|iPhoneSimulator.ActiveCfg = Release|Any CPU
		{9BA88060-91C2-4984-A028-FE8E64B1AC23}.Release|iPhoneSimulator.Build.0 = Release|Any CPU
		{9BA88060-91C2-4984-A028-FE8E64B1AC23}.Release|iPhoneSimulator.Deploy.0 = Release|Any CPU
		{9BA88060-91C2-4984-A028-FE8E64B1AC23}.Release|x64.ActiveCfg = Release|Any CPU
		{9BA88060-91C2-4984-A028-FE8E64B1AC23}.Release|x64.Build.0 = Release|Any CPU
		{9BA88060-91C2-4984-A028-FE8E64B1AC23}.Release|x64.Deploy.0 = Release|Any CPU
		{9BA88060-91C2-4984-A028-FE8E64B1AC23}.Release|x86.ActiveCfg = Release|Any CPU
		{9BA88060-91C2-4984-A028-FE8E64B1AC23}.Release|x86.Build.0 = Release|Any CPU
		{9BA88060-91C2-4984-A028-FE8E64B1AC23}.Release|x86.Deploy.0 = Release|Any CPU
		{32466C85-9929-4EE0-8B91-15CAE129623F}.Ad-Hoc|Any CPU.ActiveCfg = Ad-Hoc|iPhone
		{32466C85-9929-4EE0-8B91-15CAE129623F}.Ad-Hoc|Any CPU.Build.0 = Ad-Hoc|iPhone
		{32466C85-9929-4EE0-8B91-15CAE129623F}.Ad-Hoc|Any CPU.Deploy.0 = Ad-Hoc|iPhone
		{32466C85-9929-4EE0-8B91-15CAE129623F}.Ad-Hoc|ARM.ActiveCfg = Ad-Hoc|iPhone
		{32466C85-9929-4EE0-8B91-15CAE129623F}.Ad-Hoc|ARM.Build.0 = Ad-Hoc|iPhone
		{32466C85-9929-4EE0-8B91-15CAE129623F}.Ad-Hoc|ARM.Deploy.0 = Ad-Hoc|iPhone
		{32466C85-9929-4EE0-8B91-15CAE129623F}.Ad-Hoc|iPhone.ActiveCfg = Ad-Hoc|iPhone
		{32466C85-9929-4EE0-8B91-15CAE129623F}.Ad-Hoc|iPhone.Build.0 = Ad-Hoc|iPhone
		{32466C85-9929-4EE0-8B91-15CAE129623F}.Ad-Hoc|iPhone.Deploy.0 = Ad-Hoc|iPhone
		{32466C85-9929-4EE0-8B91-15CAE129623F}.Ad-Hoc|iPhoneSimulator.ActiveCfg = Ad-Hoc|iPhoneSimulator
		{32466C85-9929-4EE0-8B91-15CAE129623F}.Ad-Hoc|iPhoneSimulator.Build.0 = Ad-Hoc|iPhoneSimulator
		{32466C85-9929-4EE0-8B91-15CAE129623F}.Ad-Hoc|iPhoneSimulator.Deploy.0 = Ad-Hoc|iPhoneSimulator
		{32466C85-9929-4EE0-8B91-15CAE129623F}.Ad-Hoc|x64.ActiveCfg = Ad-Hoc|iPhone
		{32466C85-9929-4EE0-8B91-15CAE129623F}.Ad-Hoc|x64.Build.0 = Ad-Hoc|iPhone
		{32466C85-9929-4EE0-8B91-15CAE129623F}.Ad-Hoc|x64.Deploy.0 = Ad-Hoc|iPhone
		{32466C85-9929-4EE0-8B91-15CAE129623F}.Ad-Hoc|x86.ActiveCfg = Ad-Hoc|iPhone
		{32466C85-9929-4EE0-8B91-15CAE129623F}.Ad-Hoc|x86.Build.0 = Ad-Hoc|iPhone
		{32466C85-9929-4EE0-8B91-15CAE129623F}.Ad-Hoc|x86.Deploy.0 = Ad-Hoc|iPhone
		{32466C85-9929-4EE0-8B91-15CAE129623F}.AppStore|Any CPU.ActiveCfg = AppStore|iPhone
		{32466C85-9929-4EE0-8B91-15CAE129623F}.AppStore|Any CPU.Build.0 = AppStore|iPhone
		{32466C85-9929-4EE0-8B91-15CAE129623F}.AppStore|Any CPU.Deploy.0 = AppStore|iPhone
		{32466C85-9929-4EE0-8B91-15CAE129623F}.AppStore|ARM.ActiveCfg = AppStore|iPhone
		{32466C85-9929-4EE0-8B91-15CAE129623F}.AppStore|ARM.Build.0 = AppStore|iPhone
		{32466C85-9929-4EE0-8B91-15CAE129623F}.AppStore|ARM.Deploy.0 = AppStore|iPhone
		{32466C85-9929-4EE0-8B91-15CAE129623F}.AppStore|iPhone.ActiveCfg = AppStore|iPhone
		{32466C85-9929-4EE0-8B91-15CAE129623F}.AppStore|iPhone.Build.0 = AppStore|iPhone
		{32466C85-9929-4EE0-8B91-15CAE129623F}.AppStore|iPhone.Deploy.0 = AppStore|iPhone
		{32466C85-9929-4EE0-8B91-15CAE129623F}.AppStore|iPhoneSimulator.ActiveCfg = AppStore|iPhoneSimulator
		{32466C85-9929-4EE0-8B91-15CAE129623F}.AppStore|iPhoneSimulator.Build.0 = AppStore|iPhoneSimulator
		{32466C85-9929-4EE0-8B91-15CAE129623F}.AppStore|iPhoneSimulator.Deploy.0 = AppStore|iPhoneSimulator
		{32466C85-9929-4EE0-8B91-15CAE129623F}.AppStore|x64.ActiveCfg = AppStore|iPhone
		{32466C85-9929-4EE0-8B91-15CAE129623F}.AppStore|x64.Build.0 = AppStore|iPhone
		{32466C85-9929-4EE0-8B91-15CAE129623F}.AppStore|x64.Deploy.0 = AppStore|iPhone
		{32466C85-9929-4EE0-8B91-15CAE129623F}.AppStore|x86.ActiveCfg = AppStore|iPhone
		{32466C85-9929-4EE0-8B91-15CAE129623F}.AppStore|x86.Build.0 = AppStore|iPhone
		{32466C85-9929-4EE0-8B91-15CAE129623F}.AppStore|x86.Deploy.0 = AppStore|iPhone
		{32466C85-9929-4EE0-8B91-15CAE129623F}.Debug|Any CPU.ActiveCfg = Debug|iPhoneSimulator
		{32466C85-9929-4EE0-8B91-15CAE129623F}.Debug|Any CPU.Build.0 = Debug|iPhoneSimulator
		{32466C85-9929-4EE0-8B91-15CAE129623F}.Debug|Any CPU.Deploy.0 = Debug|iPhoneSimulator
		{32466C85-9929-4EE0-8B91-15CAE129623F}.Debug|ARM.ActiveCfg = Debug|iPhone
		{32466C85-9929-4EE0-8B91-15CAE129623F}.Debug|ARM.Build.0 = Debug|iPhone
		{32466C85-9929-4EE0-8B91-15CAE129623F}.Debug|ARM.Deploy.0 = Debug|iPhone
		{32466C85-9929-4EE0-8B91-15CAE129623F}.Debug|iPhone.ActiveCfg = Debug|iPhone
		{32466C85-9929-4EE0-8B91-15CAE129623F}.Debug|iPhone.Build.0 = Debug|iPhone
		{32466C85-9929-4EE0-8B91-15CAE129623F}.Debug|iPhone.Deploy.0 = Debug|iPhone
		{32466C85-9929-4EE0-8B91-15CAE129623F}.Debug|iPhoneSimulator.ActiveCfg = Debug|iPhoneSimulator
		{32466C85-9929-4EE0-8B91-15CAE129623F}.Debug|iPhoneSimulator.Build.0 = Debug|iPhoneSimulator
		{32466C85-9929-4EE0-8B91-15CAE129623F}.Debug|iPhoneSimulator.Deploy.0 = Debug|iPhoneSimulator
		{32466C85-9929-4EE0-8B91-15CAE129623F}.Debug|x64.ActiveCfg = Debug|iPhone
		{32466C85-9929-4EE0-8B91-15CAE129623F}.Debug|x64.Build.0 = Debug|iPhone
		{32466C85-9929-4EE0-8B91-15CAE129623F}.Debug|x64.Deploy.0 = Debug|iPhone
		{32466C85-9929-4EE0-8B91-15CAE129623F}.Debug|x86.ActiveCfg = Debug|iPhone
		{32466C85-9929-4EE0-8B91-15CAE129623F}.Debug|x86.Build.0 = Debug|iPhone
		{32466C85-9929-4EE0-8B91-15CAE129623F}.Debug|x86.Deploy.0 = Debug|iPhone
		{32466C85-9929-4EE0-8B91-15CAE129623F}.Release|Any CPU.ActiveCfg = Release|iPhone
		{32466C85-9929-4EE0-8B91-15CAE129623F}.Release|Any CPU.Build.0 = Release|iPhone
		{32466C85-9929-4EE0-8B91-15CAE129623F}.Release|Any CPU.Deploy.0 = Release|iPhone
		{32466C85-9929-4EE0-8B91-15CAE129623F}.Release|ARM.ActiveCfg = Release|iPhone
		{32466C85-9929-4EE0-8B91-15CAE129623F}.Release|ARM.Build.0 = Release|iPhone
		{32466C85-9929-4EE0-8B91-15CAE129623F}.Release|ARM.Deploy.0 = Release|iPhone
		{32466C85-9929-4EE0-8B91-15CAE129623F}.Release|iPhone.ActiveCfg = Release|iPhone
		{32466C85-9929-4EE0-8B91-15CAE129623F}.Release|iPhone.Build.0 = Release|iPhone
		{32466C85-9929-4EE0-8B91-15CAE129623F}.Release|iPhone.Deploy.0 = Release|iPhone
		{32466C85-9929-4EE0-8B91-15CAE129623F}.Release|iPhoneSimulator.ActiveCfg = Release|iPhoneSimulator
		{32466C85-9929-4EE0-8B91-15CAE129623F}.Release|iPhoneSimulator.Build.0 = Release|iPhoneSimulator
		{32466C85-9929-4EE0-8B91-15CAE129623F}.Release|iPhoneSimulator.Deploy.0 = Release|iPhoneSimulator
		{32466C85-9929-4EE0-8B91-15CAE129623F}.Release|x64.ActiveCfg = Release|iPhone
		{32466C85-9929-4EE0-8B91-15CAE129623F}.Release|x64.Build.0 = Release|iPhone
		{32466C85-9929-4EE0-8B91-15CAE129623F}.Release|x64.Deploy.0 = Release|iPhone
		{32466C85-9929-4EE0-8B91-15CAE129623F}.Release|x86.ActiveCfg = Release|iPhone
		{32466C85-9929-4EE0-8B91-15CAE129623F}.Release|x86.Build.0 = Release|iPhone
		{32466C85-9929-4EE0-8B91-15CAE129623F}.Release|x86.Deploy.0 = Release|iPhone
		{12EF7D2A-2FDE-4049-8562-E16CBCC1870A}.Ad-Hoc|Any CPU.ActiveCfg = Release|x86
		{12EF7D2A-2FDE-4049-8562-E16CBCC1870A}.Ad-Hoc|Any CPU.Build.0 = Release|x86
		{12EF7D2A-2FDE-4049-8562-E16CBCC1870A}.Ad-Hoc|Any CPU.Deploy.0 = Release|x86
		{12EF7D2A-2FDE-4049-8562-E16CBCC1870A}.Ad-Hoc|ARM.ActiveCfg = Release|ARM
		{12EF7D2A-2FDE-4049-8562-E16CBCC1870A}.Ad-Hoc|ARM.Build.0 = Release|ARM
		{12EF7D2A-2FDE-4049-8562-E16CBCC1870A}.Ad-Hoc|ARM.Deploy.0 = Release|ARM
		{12EF7D2A-2FDE-4049-8562-E16CBCC1870A}.Ad-Hoc|iPhone.ActiveCfg = Release|x86
		{12EF7D2A-2FDE-4049-8562-E16CBCC1870A}.Ad-Hoc|iPhone.Build.0 = Release|x86
		{12EF7D2A-2FDE-4049-8562-E16CBCC1870A}.Ad-Hoc|iPhone.Deploy.0 = Release|x86
		{12EF7D2A-2FDE-4049-8562-E16CBCC1870A}.Ad-Hoc|iPhoneSimulator.ActiveCfg = Release|x86
		{12EF7D2A-2FDE-4049-8562-E16CBCC1870A}.Ad-Hoc|iPhoneSimulator.Build.0 = Release|x86
		{12EF7D2A-2FDE-4049-8562-E16CBCC1870A}.Ad-Hoc|iPhoneSimulator.Deploy.0 = Release|x86
		{12EF7D2A-2FDE-4049-8562-E16CBCC1870A}.Ad-Hoc|x64.ActiveCfg = Release|x64
		{12EF7D2A-2FDE-4049-8562-E16CBCC1870A}.Ad-Hoc|x64.Build.0 = Release|x64
		{12EF7D2A-2FDE-4049-8562-E16CBCC1870A}.Ad-Hoc|x64.Deploy.0 = Release|x64
		{12EF7D2A-2FDE-4049-8562-E16CBCC1870A}.Ad-Hoc|x86.ActiveCfg = Release|x86
		{12EF7D2A-2FDE-4049-8562-E16CBCC1870A}.Ad-Hoc|x86.Build.0 = Release|x86
		{12EF7D2A-2FDE-4049-8562-E16CBCC1870A}.Ad-Hoc|x86.Deploy.0 = Release|x86
		{12EF7D2A-2FDE-4049-8562-E16CBCC1870A}.AppStore|Any CPU.ActiveCfg = Release|x86
		{12EF7D2A-2FDE-4049-8562-E16CBCC1870A}.AppStore|Any CPU.Build.0 = Release|x86
		{12EF7D2A-2FDE-4049-8562-E16CBCC1870A}.AppStore|Any CPU.Deploy.0 = Release|x86
		{12EF7D2A-2FDE-4049-8562-E16CBCC1870A}.AppStore|ARM.ActiveCfg = Release|ARM
		{12EF7D2A-2FDE-4049-8562-E16CBCC1870A}.AppStore|ARM.Build.0 = Release|ARM
		{12EF7D2A-2FDE-4049-8562-E16CBCC1870A}.AppStore|ARM.Deploy.0 = Release|ARM
		{12EF7D2A-2FDE-4049-8562-E16CBCC1870A}.AppStore|iPhone.ActiveCfg = Release|x86
		{12EF7D2A-2FDE-4049-8562-E16CBCC1870A}.AppStore|iPhone.Build.0 = Release|x86
		{12EF7D2A-2FDE-4049-8562-E16CBCC1870A}.AppStore|iPhone.Deploy.0 = Release|x86
		{12EF7D2A-2FDE-4049-8562-E16CBCC1870A}.AppStore|iPhoneSimulator.ActiveCfg = Release|x86
		{12EF7D2A-2FDE-4049-8562-E16CBCC1870A}.AppStore|iPhoneSimulator.Build.0 = Release|x86
		{12EF7D2A-2FDE-4049-8562-E16CBCC1870A}.AppStore|iPhoneSimulator.Deploy.0 = Release|x86
		{12EF7D2A-2FDE-4049-8562-E16CBCC1870A}.AppStore|x64.ActiveCfg = Release|x64
		{12EF7D2A-2FDE-4049-8562-E16CBCC1870A}.AppStore|x64.Build.0 = Release|x64
		{12EF7D2A-2FDE-4049-8562-E16CBCC1870A}.AppStore|x64.Deploy.0 = Release|x64
		{12EF7D2A-2FDE-4049-8562-E16CBCC1870A}.AppStore|x86.ActiveCfg = Release|x86
		{12EF7D2A-2FDE-4049-8562-E16CBCC1870A}.AppStore|x86.Build.0 = Release|x86
		{12EF7D2A-2FDE-4049-8562-E16CBCC1870A}.AppStore|x86.Deploy.0 = Release|x86
		{12EF7D2A-2FDE-4049-8562-E16CBCC1870A}.Debug|Any CPU.ActiveCfg = Debug|x86
		{12EF7D2A-2FDE-4049-8562-E16CBCC1870A}.Debug|Any CPU.Build.0 = Debug|x86
		{12EF7D2A-2FDE-4049-8562-E16CBCC1870A}.Debug|Any CPU.Deploy.0 = Debug|x86
		{12EF7D2A-2FDE-4049-8562-E16CBCC1870A}.Debug|ARM.ActiveCfg = Debug|ARM
		{12EF7D2A-2FDE-4049-8562-E16CBCC1870A}.Debug|ARM.Build.0 = Debug|ARM
		{12EF7D2A-2FDE-4049-8562-E16CBCC1870A}.Debug|ARM.Deploy.0 = Debug|ARM
		{12EF7D2A-2FDE-4049-8562-E16CBCC1870A}.Debug|iPhone.ActiveCfg = Debug|x86
		{12EF7D2A-2FDE-4049-8562-E16CBCC1870A}.Debug|iPhone.Build.0 = Debug|x86
		{12EF7D2A-2FDE-4049-8562-E16CBCC1870A}.Debug|iPhone.Deploy.0 = Debug|x86
		{12EF7D2A-2FDE-4049-8562-E16CBCC1870A}.Debug|iPhoneSimulator.ActiveCfg = Debug|x86
		{12EF7D2A-2FDE-4049-8562-E16CBCC1870A}.Debug|iPhoneSimulator.Build.0 = Debug|x86
		{12EF7D2A-2FDE-4049-8562-E16CBCC1870A}.Debug|iPhoneSimulator.Deploy.0 = Debug|x86
		{12EF7D2A-2FDE-4049-8562-E16CBCC1870A}.Debug|x64.ActiveCfg = Debug|x64
		{12EF7D2A-2FDE-4049-8562-E16CBCC1870A}.Debug|x64.Build.0 = Debug|x64
		{12EF7D2A-2FDE-4049-8562-E16CBCC1870A}.Debug|x64.Deploy.0 = Debug|x64
		{12EF7D2A-2FDE-4049-8562-E16CBCC1870A}.Debug|x86.ActiveCfg = Debug|x86
		{12EF7D2A-2FDE-4049-8562-E16CBCC1870A}.Debug|x86.Build.0 = Debug|x86
		{12EF7D2A-2FDE-4049-8562-E16CBCC1870A}.Debug|x86.Deploy.0 = Debug|x86
		{12EF7D2A-2FDE-4049-8562-E16CBCC1870A}.Release|Any CPU.ActiveCfg = Release|x86
		{12EF7D2A-2FDE-4049-8562-E16CBCC1870A}.Release|Any CPU.Build.0 = Release|x86
		{12EF7D2A-2FDE-4049-8562-E16CBCC1870A}.Release|Any CPU.Deploy.0 = Release|x86
		{12EF7D2A-2FDE-4049-8562-E16CBCC1870A}.Release|ARM.ActiveCfg = Release|ARM
		{12EF7D2A-2FDE-4049-8562-E16CBCC1870A}.Release|ARM.Build.0 = Release|ARM
		{12EF7D2A-2FDE-4049-8562-E16CBCC1870A}.Release|ARM.Deploy.0 = Release|ARM
		{12EF7D2A-2FDE-4049-8562-E16CBCC1870A}.Release|iPhone.ActiveCfg = Release|x86
		{12EF7D2A-2FDE-4049-8562-E16CBCC1870A}.Release|iPhone.Build.0 = Release|x86
		{12EF7D2A-2FDE-4049-8562-E16CBCC1870A}.Release|iPhone.Deploy.0 = Release|x86
		{12EF7D2A-2FDE-4049-8562-E16CBCC1870A}.Release|iPhoneSimulator.ActiveCfg = Release|x86
		{12EF7D2A-2FDE-4049-8562-E16CBCC1870A}.Release|iPhoneSimulator.Build.0 = Release|x86
		{12EF7D2A-2FDE-4049-8562-E16CBCC1870A}.Release|iPhoneSimulator.Deploy.0 = Release|x86
		{12EF7D2A-2FDE-4049-8562-E16CBCC1870A}.Release|x64.ActiveCfg = Release|x64
		{12EF7D2A-2FDE-4049-8562-E16CBCC1870A}.Release|x64.Build.0 = Release|x64
		{12EF7D2A-2FDE-4049-8562-E16CBCC1870A}.Release|x64.Deploy.0 = Release|x64
		{12EF7D2A-2FDE-4049-8562-E16CBCC1870A}.Release|x86.ActiveCfg = Release|x86
		{12EF7D2A-2FDE-4049-8562-E16CBCC1870A}.Release|x86.Build.0 = Release|x86
		{12EF7D2A-2FDE-4049-8562-E16CBCC1870A}.Release|x86.Deploy.0 = Release|x86
		{5FB653C6-F545-4AF6-B138-168D048D7A07}.Ad-Hoc|Any CPU.ActiveCfg = Debug|Any CPU
		{5FB653C6-F545-4AF6-B138-168D048D7A07}.Ad-Hoc|Any CPU.Build.0 = Debug|Any CPU
		{5FB653C6-F545-4AF6-B138-168D048D7A07}.Ad-Hoc|Any CPU.Deploy.0 = Debug|Any CPU
		{5FB653C6-F545-4AF6-B138-168D048D7A07}.Ad-Hoc|ARM.ActiveCfg = Debug|Any CPU
		{5FB653C6-F545-4AF6-B138-168D048D7A07}.Ad-Hoc|ARM.Build.0 = Debug|Any CPU
		{5FB653C6-F545-4AF6-B138-168D048D7A07}.Ad-Hoc|ARM.Deploy.0 = Debug|Any CPU
		{5FB653C6-F545-4AF6-B138-168D048D7A07}.Ad-Hoc|iPhone.ActiveCfg = Debug|Any CPU
		{5FB653C6-F545-4AF6-B138-168D048D7A07}.Ad-Hoc|iPhone.Build.0 = Debug|Any CPU
		{5FB653C6-F545-4AF6-B138-168D048D7A07}.Ad-Hoc|iPhone.Deploy.0 = Debug|Any CPU
		{5FB653C6-F545-4AF6-B138-168D048D7A07}.Ad-Hoc|iPhoneSimulator.ActiveCfg = Debug|Any CPU
		{5FB653C6-F545-4AF6-B138-168D048D7A07}.Ad-Hoc|iPhoneSimulator.Build.0 = Debug|Any CPU
		{5FB653C6-F545-4AF6-B138-168D048D7A07}.Ad-Hoc|iPhoneSimulator.Deploy.0 = Debug|Any CPU
		{5FB653C6-F545-4AF6-B138-168D048D7A07}.Ad-Hoc|x64.ActiveCfg = Debug|Any CPU
		{5FB653C6-F545-4AF6-B138-168D048D7A07}.Ad-Hoc|x64.Build.0 = Debug|Any CPU
		{5FB653C6-F545-4AF6-B138-168D048D7A07}.Ad-Hoc|x64.Deploy.0 = Debug|Any CPU
		{5FB653C6-F545-4AF6-B138-168D048D7A07}.Ad-Hoc|x86.ActiveCfg = Debug|Any CPU
		{5FB653C6-F545-4AF6-B138-168D048D7A07}.Ad-Hoc|x86.Build.0 = Debug|Any CPU
		{5FB653C6-F545-4AF6-B138-168D048D7A07}.Ad-Hoc|x86.Deploy.0 = Debug|Any CPU
		{5FB653C6-F545-4AF6-B138-168D048D7A07}.AppStore|Any CPU.ActiveCfg = Debug|Any CPU
		{5FB653C6-F545-4AF6-B138-168D048D7A07}.AppStore|Any CPU.Build.0 = Debug|Any CPU
		{5FB653C6-F545-4AF6-B138-168D048D7A07}.AppStore|Any CPU.Deploy.0 = Debug|Any CPU
		{5FB653C6-F545-4AF6-B138-168D048D7A07}.AppStore|ARM.ActiveCfg = Debug|Any CPU
		{5FB653C6-F545-4AF6-B138-168D048D7A07}.AppStore|ARM.Build.0 = Debug|Any CPU
		{5FB653C6-F545-4AF6-B138-168D048D7A07}.AppStore|ARM.Deploy.0 = Debug|Any CPU
		{5FB653C6-F545-4AF6-B138-168D048D7A07}.AppStore|iPhone.ActiveCfg = Debug|Any CPU
		{5FB653C6-F545-4AF6-B138-168D048D7A07}.AppStore|iPhone.Build.0 = Debug|Any CPU
		{5FB653C6-F545-4AF6-B138-168D048D7A07}.AppStore|iPhone.Deploy.0 = Debug|Any CPU
		{5FB653C6-F545-4AF6-B138-168D048D7A07}.AppStore|iPhoneSimulator.ActiveCfg = Debug|Any CPU
		{5FB653C6-F545-4AF6-B138-168D048D7A07}.AppStore|iPhoneSimulator.Build.0 = Debug|Any CPU
		{5FB653C6-F545-4AF6-B138-168D048D7A07}.AppStore|iPhoneSimulator.Deploy.0 = Debug|Any CPU
		{5FB653C6-F545-4AF6-B138-168D048D7A07}.AppStore|x64.ActiveCfg = Debug|Any CPU
		{5FB653C6-F545-4AF6-B138-168D048D7A07}.AppStore|x64.Build.0 = Debug|Any CPU
		{5FB653C6-F545-4AF6-B138-168D048D7A07}.AppStore|x64.Deploy.0 = Debug|Any CPU
		{5FB653C6-F545-4AF6-B138-168D048D7A07}.AppStore|x86.ActiveCfg = Debug|Any CPU
		{5FB653C6-F545-4AF6-B138-168D048D7A07}.AppStore|x86.Build.0 = Debug|Any CPU
		{5FB653C6-F545-4AF6-B138-168D048D7A07}.AppStore|x86.Deploy.0 = Debug|Any CPU
		{5FB653C6-F545-4AF6-B138-168D048D7A07}.Debug|Any CPU.ActiveCfg = Debug|Any CPU
		{5FB653C6-F545-4AF6-B138-168D048D7A07}.Debug|Any CPU.Build.0 = Debug|Any CPU
		{5FB653C6-F545-4AF6-B138-168D048D7A07}.Debug|Any CPU.Deploy.0 = Debug|Any CPU
		{5FB653C6-F545-4AF6-B138-168D048D7A07}.Debug|ARM.ActiveCfg = Debug|Any CPU
		{5FB653C6-F545-4AF6-B138-168D048D7A07}.Debug|ARM.Build.0 = Debug|Any CPU
		{5FB653C6-F545-4AF6-B138-168D048D7A07}.Debug|ARM.Deploy.0 = Debug|Any CPU
		{5FB653C6-F545-4AF6-B138-168D048D7A07}.Debug|iPhone.ActiveCfg = Debug|Any CPU
		{5FB653C6-F545-4AF6-B138-168D048D7A07}.Debug|iPhone.Build.0 = Debug|Any CPU
		{5FB653C6-F545-4AF6-B138-168D048D7A07}.Debug|iPhone.Deploy.0 = Debug|Any CPU
		{5FB653C6-F545-4AF6-B138-168D048D7A07}.Debug|iPhoneSimulator.ActiveCfg = Debug|Any CPU
		{5FB653C6-F545-4AF6-B138-168D048D7A07}.Debug|iPhoneSimulator.Build.0 = Debug|Any CPU
		{5FB653C6-F545-4AF6-B138-168D048D7A07}.Debug|iPhoneSimulator.Deploy.0 = Debug|Any CPU
		{5FB653C6-F545-4AF6-B138-168D048D7A07}.Debug|x64.ActiveCfg = Debug|Any CPU
		{5FB653C6-F545-4AF6-B138-168D048D7A07}.Debug|x64.Build.0 = Debug|Any CPU
		{5FB653C6-F545-4AF6-B138-168D048D7A07}.Debug|x64.Deploy.0 = Debug|Any CPU
		{5FB653C6-F545-4AF6-B138-168D048D7A07}.Debug|x86.ActiveCfg = Debug|Any CPU
		{5FB653C6-F545-4AF6-B138-168D048D7A07}.Debug|x86.Build.0 = Debug|Any CPU
		{5FB653C6-F545-4AF6-B138-168D048D7A07}.Debug|x86.Deploy.0 = Debug|Any CPU
		{5FB653C6-F545-4AF6-B138-168D048D7A07}.Release|Any CPU.ActiveCfg = Release|Any CPU
		{5FB653C6-F545-4AF6-B138-168D048D7A07}.Release|Any CPU.Build.0 = Release|Any CPU
		{5FB653C6-F545-4AF6-B138-168D048D7A07}.Release|Any CPU.Deploy.0 = Release|Any CPU
		{5FB653C6-F545-4AF6-B138-168D048D7A07}.Release|ARM.ActiveCfg = Release|Any CPU
		{5FB653C6-F545-4AF6-B138-168D048D7A07}.Release|ARM.Build.0 = Release|Any CPU
		{5FB653C6-F545-4AF6-B138-168D048D7A07}.Release|ARM.Deploy.0 = Release|Any CPU
		{5FB653C6-F545-4AF6-B138-168D048D7A07}.Release|iPhone.ActiveCfg = Release|Any CPU
		{5FB653C6-F545-4AF6-B138-168D048D7A07}.Release|iPhone.Build.0 = Release|Any CPU
		{5FB653C6-F545-4AF6-B138-168D048D7A07}.Release|iPhone.Deploy.0 = Release|Any CPU
		{5FB653C6-F545-4AF6-B138-168D048D7A07}.Release|iPhoneSimulator.ActiveCfg = Release|Any CPU
		{5FB653C6-F545-4AF6-B138-168D048D7A07}.Release|iPhoneSimulator.Build.0 = Release|Any CPU
		{5FB653C6-F545-4AF6-B138-168D048D7A07}.Release|iPhoneSimulator.Deploy.0 = Release|Any CPU
		{5FB653C6-F545-4AF6-B138-168D048D7A07}.Release|x64.ActiveCfg = Release|Any CPU
		{5FB653C6-F545-4AF6-B138-168D048D7A07}.Release|x64.Build.0 = Release|Any CPU
		{5FB653C6-F545-4AF6-B138-168D048D7A07}.Release|x64.Deploy.0 = Release|Any CPU
		{5FB653C6-F545-4AF6-B138-168D048D7A07}.Release|x86.ActiveCfg = Release|Any CPU
		{5FB653C6-F545-4AF6-B138-168D048D7A07}.Release|x86.Build.0 = Release|Any CPU
		{5FB653C6-F545-4AF6-B138-168D048D7A07}.Release|x86.Deploy.0 = Release|Any CPU
		{A71E876C-06B6-41DC-95C6-4AEFB6BD9AA1}.Ad-Hoc|Any CPU.ActiveCfg = Debug|Any CPU
		{A71E876C-06B6-41DC-95C6-4AEFB6BD9AA1}.Ad-Hoc|Any CPU.Build.0 = Debug|Any CPU
		{A71E876C-06B6-41DC-95C6-4AEFB6BD9AA1}.Ad-Hoc|ARM.ActiveCfg = Debug|Any CPU
		{A71E876C-06B6-41DC-95C6-4AEFB6BD9AA1}.Ad-Hoc|ARM.Build.0 = Debug|Any CPU
		{A71E876C-06B6-41DC-95C6-4AEFB6BD9AA1}.Ad-Hoc|iPhone.ActiveCfg = Debug|Any CPU
		{A71E876C-06B6-41DC-95C6-4AEFB6BD9AA1}.Ad-Hoc|iPhone.Build.0 = Debug|Any CPU
		{A71E876C-06B6-41DC-95C6-4AEFB6BD9AA1}.Ad-Hoc|iPhoneSimulator.ActiveCfg = Debug|Any CPU
		{A71E876C-06B6-41DC-95C6-4AEFB6BD9AA1}.Ad-Hoc|iPhoneSimulator.Build.0 = Debug|Any CPU
		{A71E876C-06B6-41DC-95C6-4AEFB6BD9AA1}.Ad-Hoc|x64.ActiveCfg = Debug|Any CPU
		{A71E876C-06B6-41DC-95C6-4AEFB6BD9AA1}.Ad-Hoc|x64.Build.0 = Debug|Any CPU
		{A71E876C-06B6-41DC-95C6-4AEFB6BD9AA1}.Ad-Hoc|x86.ActiveCfg = Debug|Any CPU
		{A71E876C-06B6-41DC-95C6-4AEFB6BD9AA1}.Ad-Hoc|x86.Build.0 = Debug|Any CPU
		{A71E876C-06B6-41DC-95C6-4AEFB6BD9AA1}.AppStore|Any CPU.ActiveCfg = Debug|Any CPU
		{A71E876C-06B6-41DC-95C6-4AEFB6BD9AA1}.AppStore|Any CPU.Build.0 = Debug|Any CPU
		{A71E876C-06B6-41DC-95C6-4AEFB6BD9AA1}.AppStore|ARM.ActiveCfg = Debug|Any CPU
		{A71E876C-06B6-41DC-95C6-4AEFB6BD9AA1}.AppStore|ARM.Build.0 = Debug|Any CPU
		{A71E876C-06B6-41DC-95C6-4AEFB6BD9AA1}.AppStore|iPhone.ActiveCfg = Debug|Any CPU
		{A71E876C-06B6-41DC-95C6-4AEFB6BD9AA1}.AppStore|iPhone.Build.0 = Debug|Any CPU
		{A71E876C-06B6-41DC-95C6-4AEFB6BD9AA1}.AppStore|iPhoneSimulator.ActiveCfg = Debug|Any CPU
		{A71E876C-06B6-41DC-95C6-4AEFB6BD9AA1}.AppStore|iPhoneSimulator.Build.0 = Debug|Any CPU
		{A71E876C-06B6-41DC-95C6-4AEFB6BD9AA1}.AppStore|x64.ActiveCfg = Debug|Any CPU
		{A71E876C-06B6-41DC-95C6-4AEFB6BD9AA1}.AppStore|x64.Build.0 = Debug|Any CPU
		{A71E876C-06B6-41DC-95C6-4AEFB6BD9AA1}.AppStore|x86.ActiveCfg = Debug|Any CPU
		{A71E876C-06B6-41DC-95C6-4AEFB6BD9AA1}.AppStore|x86.Build.0 = Debug|Any CPU
		{A71E876C-06B6-41DC-95C6-4AEFB6BD9AA1}.Debug|Any CPU.ActiveCfg = Debug|Any CPU
		{A71E876C-06B6-41DC-95C6-4AEFB6BD9AA1}.Debug|Any CPU.Build.0 = Debug|Any CPU
		{A71E876C-06B6-41DC-95C6-4AEFB6BD9AA1}.Debug|ARM.ActiveCfg = Debug|Any CPU
		{A71E876C-06B6-41DC-95C6-4AEFB6BD9AA1}.Debug|ARM.Build.0 = Debug|Any CPU
		{A71E876C-06B6-41DC-95C6-4AEFB6BD9AA1}.Debug|iPhone.ActiveCfg = Debug|Any CPU
		{A71E876C-06B6-41DC-95C6-4AEFB6BD9AA1}.Debug|iPhone.Build.0 = Debug|Any CPU
		{A71E876C-06B6-41DC-95C6-4AEFB6BD9AA1}.Debug|iPhoneSimulator.ActiveCfg = Debug|Any CPU
		{A71E876C-06B6-41DC-95C6-4AEFB6BD9AA1}.Debug|iPhoneSimulator.Build.0 = Debug|Any CPU
		{A71E876C-06B6-41DC-95C6-4AEFB6BD9AA1}.Debug|x64.ActiveCfg = Debug|Any CPU
		{A71E876C-06B6-41DC-95C6-4AEFB6BD9AA1}.Debug|x64.Build.0 = Debug|Any CPU
		{A71E876C-06B6-41DC-95C6-4AEFB6BD9AA1}.Debug|x86.ActiveCfg = Debug|Any CPU
		{A71E876C-06B6-41DC-95C6-4AEFB6BD9AA1}.Debug|x86.Build.0 = Debug|Any CPU
		{A71E876C-06B6-41DC-95C6-4AEFB6BD9AA1}.Release|Any CPU.ActiveCfg = Release|Any CPU
		{A71E876C-06B6-41DC-95C6-4AEFB6BD9AA1}.Release|Any CPU.Build.0 = Release|Any CPU
		{A71E876C-06B6-41DC-95C6-4AEFB6BD9AA1}.Release|ARM.ActiveCfg = Release|Any CPU
		{A71E876C-06B6-41DC-95C6-4AEFB6BD9AA1}.Release|ARM.Build.0 = Release|Any CPU
		{A71E876C-06B6-41DC-95C6-4AEFB6BD9AA1}.Release|iPhone.ActiveCfg = Release|Any CPU
		{A71E876C-06B6-41DC-95C6-4AEFB6BD9AA1}.Release|iPhone.Build.0 = Release|Any CPU
		{A71E876C-06B6-41DC-95C6-4AEFB6BD9AA1}.Release|iPhoneSimulator.ActiveCfg = Release|Any CPU
		{A71E876C-06B6-41DC-95C6-4AEFB6BD9AA1}.Release|iPhoneSimulator.Build.0 = Release|Any CPU
		{A71E876C-06B6-41DC-95C6-4AEFB6BD9AA1}.Release|x64.ActiveCfg = Release|Any CPU
		{A71E876C-06B6-41DC-95C6-4AEFB6BD9AA1}.Release|x64.Build.0 = Release|Any CPU
		{A71E876C-06B6-41DC-95C6-4AEFB6BD9AA1}.Release|x86.ActiveCfg = Release|Any CPU
		{A71E876C-06B6-41DC-95C6-4AEFB6BD9AA1}.Release|x86.Build.0 = Release|Any CPU
		{40BBE779-3D7E-488B-9D77-83043E87B26E}.Ad-Hoc|Any CPU.ActiveCfg = Release|Any CPU
		{40BBE779-3D7E-488B-9D77-83043E87B26E}.Ad-Hoc|Any CPU.Build.0 = Release|Any CPU
		{40BBE779-3D7E-488B-9D77-83043E87B26E}.Ad-Hoc|Any CPU.Deploy.0 = Release|Any CPU
		{40BBE779-3D7E-488B-9D77-83043E87B26E}.Ad-Hoc|ARM.ActiveCfg = Release|Any CPU
		{40BBE779-3D7E-488B-9D77-83043E87B26E}.Ad-Hoc|ARM.Build.0 = Release|Any CPU
		{40BBE779-3D7E-488B-9D77-83043E87B26E}.Ad-Hoc|ARM.Deploy.0 = Release|Any CPU
		{40BBE779-3D7E-488B-9D77-83043E87B26E}.Ad-Hoc|iPhone.ActiveCfg = Release|Any CPU
		{40BBE779-3D7E-488B-9D77-83043E87B26E}.Ad-Hoc|iPhone.Build.0 = Release|Any CPU
		{40BBE779-3D7E-488B-9D77-83043E87B26E}.Ad-Hoc|iPhone.Deploy.0 = Release|Any CPU
		{40BBE779-3D7E-488B-9D77-83043E87B26E}.Ad-Hoc|iPhoneSimulator.ActiveCfg = Release|Any CPU
		{40BBE779-3D7E-488B-9D77-83043E87B26E}.Ad-Hoc|iPhoneSimulator.Build.0 = Release|Any CPU
		{40BBE779-3D7E-488B-9D77-83043E87B26E}.Ad-Hoc|iPhoneSimulator.Deploy.0 = Release|Any CPU
		{40BBE779-3D7E-488B-9D77-83043E87B26E}.Ad-Hoc|x64.ActiveCfg = Release|Any CPU
		{40BBE779-3D7E-488B-9D77-83043E87B26E}.Ad-Hoc|x64.Build.0 = Release|Any CPU
		{40BBE779-3D7E-488B-9D77-83043E87B26E}.Ad-Hoc|x64.Deploy.0 = Release|Any CPU
		{40BBE779-3D7E-488B-9D77-83043E87B26E}.Ad-Hoc|x86.ActiveCfg = Release|Any CPU
		{40BBE779-3D7E-488B-9D77-83043E87B26E}.Ad-Hoc|x86.Build.0 = Release|Any CPU
		{40BBE779-3D7E-488B-9D77-83043E87B26E}.Ad-Hoc|x86.Deploy.0 = Release|Any CPU
		{40BBE779-3D7E-488B-9D77-83043E87B26E}.AppStore|Any CPU.ActiveCfg = Release|Any CPU
		{40BBE779-3D7E-488B-9D77-83043E87B26E}.AppStore|Any CPU.Build.0 = Release|Any CPU
		{40BBE779-3D7E-488B-9D77-83043E87B26E}.AppStore|Any CPU.Deploy.0 = Release|Any CPU
		{40BBE779-3D7E-488B-9D77-83043E87B26E}.AppStore|ARM.ActiveCfg = Release|Any CPU
		{40BBE779-3D7E-488B-9D77-83043E87B26E}.AppStore|ARM.Build.0 = Release|Any CPU
		{40BBE779-3D7E-488B-9D77-83043E87B26E}.AppStore|ARM.Deploy.0 = Release|Any CPU
		{40BBE779-3D7E-488B-9D77-83043E87B26E}.AppStore|iPhone.ActiveCfg = Release|Any CPU
		{40BBE779-3D7E-488B-9D77-83043E87B26E}.AppStore|iPhone.Build.0 = Release|Any CPU
		{40BBE779-3D7E-488B-9D77-83043E87B26E}.AppStore|iPhone.Deploy.0 = Release|Any CPU
		{40BBE779-3D7E-488B-9D77-83043E87B26E}.AppStore|iPhoneSimulator.ActiveCfg = Release|Any CPU
		{40BBE779-3D7E-488B-9D77-83043E87B26E}.AppStore|iPhoneSimulator.Build.0 = Release|Any CPU
		{40BBE779-3D7E-488B-9D77-83043E87B26E}.AppStore|iPhoneSimulator.Deploy.0 = Release|Any CPU
		{40BBE779-3D7E-488B-9D77-83043E87B26E}.AppStore|x64.ActiveCfg = Release|Any CPU
		{40BBE779-3D7E-488B-9D77-83043E87B26E}.AppStore|x64.Build.0 = Release|Any CPU
		{40BBE779-3D7E-488B-9D77-83043E87B26E}.AppStore|x64.Deploy.0 = Release|Any CPU
		{40BBE779-3D7E-488B-9D77-83043E87B26E}.AppStore|x86.ActiveCfg = Release|Any CPU
		{40BBE779-3D7E-488B-9D77-83043E87B26E}.AppStore|x86.Build.0 = Release|Any CPU
		{40BBE779-3D7E-488B-9D77-83043E87B26E}.AppStore|x86.Deploy.0 = Release|Any CPU
		{40BBE779-3D7E-488B-9D77-83043E87B26E}.Debug|Any CPU.ActiveCfg = Debug|Any CPU
		{40BBE779-3D7E-488B-9D77-83043E87B26E}.Debug|Any CPU.Build.0 = Debug|Any CPU
		{40BBE779-3D7E-488B-9D77-83043E87B26E}.Debug|Any CPU.Deploy.0 = Debug|Any CPU
		{40BBE779-3D7E-488B-9D77-83043E87B26E}.Debug|ARM.ActiveCfg = Debug|Any CPU
		{40BBE779-3D7E-488B-9D77-83043E87B26E}.Debug|ARM.Build.0 = Debug|Any CPU
		{40BBE779-3D7E-488B-9D77-83043E87B26E}.Debug|ARM.Deploy.0 = Debug|Any CPU
		{40BBE779-3D7E-488B-9D77-83043E87B26E}.Debug|iPhone.ActiveCfg = Debug|Any CPU
		{40BBE779-3D7E-488B-9D77-83043E87B26E}.Debug|iPhone.Build.0 = Debug|Any CPU
		{40BBE779-3D7E-488B-9D77-83043E87B26E}.Debug|iPhone.Deploy.0 = Debug|Any CPU
		{40BBE779-3D7E-488B-9D77-83043E87B26E}.Debug|iPhoneSimulator.ActiveCfg = Debug|Any CPU
		{40BBE779-3D7E-488B-9D77-83043E87B26E}.Debug|iPhoneSimulator.Build.0 = Debug|Any CPU
		{40BBE779-3D7E-488B-9D77-83043E87B26E}.Debug|iPhoneSimulator.Deploy.0 = Debug|Any CPU
		{40BBE779-3D7E-488B-9D77-83043E87B26E}.Debug|x64.ActiveCfg = Debug|Any CPU
		{40BBE779-3D7E-488B-9D77-83043E87B26E}.Debug|x64.Build.0 = Debug|Any CPU
		{40BBE779-3D7E-488B-9D77-83043E87B26E}.Debug|x64.Deploy.0 = Debug|Any CPU
		{40BBE779-3D7E-488B-9D77-83043E87B26E}.Debug|x86.ActiveCfg = Debug|Any CPU
		{40BBE779-3D7E-488B-9D77-83043E87B26E}.Debug|x86.Build.0 = Debug|Any CPU
		{40BBE779-3D7E-488B-9D77-83043E87B26E}.Debug|x86.Deploy.0 = Debug|Any CPU
		{40BBE779-3D7E-488B-9D77-83043E87B26E}.Release|Any CPU.ActiveCfg = Release|Any CPU
		{40BBE779-3D7E-488B-9D77-83043E87B26E}.Release|Any CPU.Build.0 = Release|Any CPU
		{40BBE779-3D7E-488B-9D77-83043E87B26E}.Release|Any CPU.Deploy.0 = Release|Any CPU
		{40BBE779-3D7E-488B-9D77-83043E87B26E}.Release|ARM.ActiveCfg = Release|Any CPU
		{40BBE779-3D7E-488B-9D77-83043E87B26E}.Release|ARM.Build.0 = Release|Any CPU
		{40BBE779-3D7E-488B-9D77-83043E87B26E}.Release|ARM.Deploy.0 = Release|Any CPU
		{40BBE779-3D7E-488B-9D77-83043E87B26E}.Release|iPhone.ActiveCfg = Release|Any CPU
		{40BBE779-3D7E-488B-9D77-83043E87B26E}.Release|iPhone.Build.0 = Release|Any CPU
		{40BBE779-3D7E-488B-9D77-83043E87B26E}.Release|iPhone.Deploy.0 = Release|Any CPU
		{40BBE779-3D7E-488B-9D77-83043E87B26E}.Release|iPhoneSimulator.ActiveCfg = Release|Any CPU
		{40BBE779-3D7E-488B-9D77-83043E87B26E}.Release|iPhoneSimulator.Build.0 = Release|Any CPU
		{40BBE779-3D7E-488B-9D77-83043E87B26E}.Release|iPhoneSimulator.Deploy.0 = Release|Any CPU
		{40BBE779-3D7E-488B-9D77-83043E87B26E}.Release|x64.ActiveCfg = Release|Any CPU
		{40BBE779-3D7E-488B-9D77-83043E87B26E}.Release|x64.Build.0 = Release|Any CPU
		{40BBE779-3D7E-488B-9D77-83043E87B26E}.Release|x64.Deploy.0 = Release|Any CPU
		{40BBE779-3D7E-488B-9D77-83043E87B26E}.Release|x86.ActiveCfg = Release|Any CPU
		{40BBE779-3D7E-488B-9D77-83043E87B26E}.Release|x86.Build.0 = Release|Any CPU
		{40BBE779-3D7E-488B-9D77-83043E87B26E}.Release|x86.Deploy.0 = Release|Any CPU
		{7B301D1B-4EA0-41E1-A68A-FDFD62B2EA29}.Ad-Hoc|Any CPU.ActiveCfg = Release|iPhone
		{7B301D1B-4EA0-41E1-A68A-FDFD62B2EA29}.Ad-Hoc|Any CPU.Build.0 = Release|iPhone
		{7B301D1B-4EA0-41E1-A68A-FDFD62B2EA29}.Ad-Hoc|ARM.ActiveCfg = Release|iPhone
		{7B301D1B-4EA0-41E1-A68A-FDFD62B2EA29}.Ad-Hoc|ARM.Build.0 = Release|iPhone
		{7B301D1B-4EA0-41E1-A68A-FDFD62B2EA29}.Ad-Hoc|iPhone.ActiveCfg = Release|iPhone
		{7B301D1B-4EA0-41E1-A68A-FDFD62B2EA29}.Ad-Hoc|iPhone.Build.0 = Release|iPhone
		{7B301D1B-4EA0-41E1-A68A-FDFD62B2EA29}.Ad-Hoc|iPhoneSimulator.ActiveCfg = Release|iPhoneSimulator
		{7B301D1B-4EA0-41E1-A68A-FDFD62B2EA29}.Ad-Hoc|iPhoneSimulator.Build.0 = Release|iPhoneSimulator
		{7B301D1B-4EA0-41E1-A68A-FDFD62B2EA29}.Ad-Hoc|x64.ActiveCfg = Release|iPhone
		{7B301D1B-4EA0-41E1-A68A-FDFD62B2EA29}.Ad-Hoc|x64.Build.0 = Release|iPhone
		{7B301D1B-4EA0-41E1-A68A-FDFD62B2EA29}.Ad-Hoc|x86.ActiveCfg = Release|iPhone
		{7B301D1B-4EA0-41E1-A68A-FDFD62B2EA29}.Ad-Hoc|x86.Build.0 = Release|iPhone
		{7B301D1B-4EA0-41E1-A68A-FDFD62B2EA29}.AppStore|Any CPU.ActiveCfg = Release|iPhone
		{7B301D1B-4EA0-41E1-A68A-FDFD62B2EA29}.AppStore|Any CPU.Build.0 = Release|iPhone
		{7B301D1B-4EA0-41E1-A68A-FDFD62B2EA29}.AppStore|ARM.ActiveCfg = Release|iPhone
		{7B301D1B-4EA0-41E1-A68A-FDFD62B2EA29}.AppStore|ARM.Build.0 = Release|iPhone
		{7B301D1B-4EA0-41E1-A68A-FDFD62B2EA29}.AppStore|iPhone.ActiveCfg = Release|iPhone
		{7B301D1B-4EA0-41E1-A68A-FDFD62B2EA29}.AppStore|iPhone.Build.0 = Release|iPhone
		{7B301D1B-4EA0-41E1-A68A-FDFD62B2EA29}.AppStore|iPhoneSimulator.ActiveCfg = Release|iPhoneSimulator
		{7B301D1B-4EA0-41E1-A68A-FDFD62B2EA29}.AppStore|iPhoneSimulator.Build.0 = Release|iPhoneSimulator
		{7B301D1B-4EA0-41E1-A68A-FDFD62B2EA29}.AppStore|x64.ActiveCfg = Release|iPhone
		{7B301D1B-4EA0-41E1-A68A-FDFD62B2EA29}.AppStore|x64.Build.0 = Release|iPhone
		{7B301D1B-4EA0-41E1-A68A-FDFD62B2EA29}.AppStore|x86.ActiveCfg = Release|iPhone
		{7B301D1B-4EA0-41E1-A68A-FDFD62B2EA29}.AppStore|x86.Build.0 = Release|iPhone
		{7B301D1B-4EA0-41E1-A68A-FDFD62B2EA29}.Debug|Any CPU.ActiveCfg = Debug|iPhone
		{7B301D1B-4EA0-41E1-A68A-FDFD62B2EA29}.Debug|ARM.ActiveCfg = Debug|iPhone
		{7B301D1B-4EA0-41E1-A68A-FDFD62B2EA29}.Debug|iPhone.ActiveCfg = Debug|iPhone
		{7B301D1B-4EA0-41E1-A68A-FDFD62B2EA29}.Debug|iPhone.Build.0 = Debug|iPhone
		{7B301D1B-4EA0-41E1-A68A-FDFD62B2EA29}.Debug|iPhoneSimulator.ActiveCfg = Debug|iPhoneSimulator
		{7B301D1B-4EA0-41E1-A68A-FDFD62B2EA29}.Debug|iPhoneSimulator.Build.0 = Debug|iPhoneSimulator
		{7B301D1B-4EA0-41E1-A68A-FDFD62B2EA29}.Debug|x64.ActiveCfg = Debug|iPhone
		{7B301D1B-4EA0-41E1-A68A-FDFD62B2EA29}.Debug|x86.ActiveCfg = Debug|iPhone
		{7B301D1B-4EA0-41E1-A68A-FDFD62B2EA29}.Release|Any CPU.ActiveCfg = Release|iPhone
		{7B301D1B-4EA0-41E1-A68A-FDFD62B2EA29}.Release|ARM.ActiveCfg = Release|iPhone
		{7B301D1B-4EA0-41E1-A68A-FDFD62B2EA29}.Release|iPhone.ActiveCfg = Release|iPhone
		{7B301D1B-4EA0-41E1-A68A-FDFD62B2EA29}.Release|iPhone.Build.0 = Release|iPhone
		{7B301D1B-4EA0-41E1-A68A-FDFD62B2EA29}.Release|iPhoneSimulator.ActiveCfg = Release|iPhoneSimulator
		{7B301D1B-4EA0-41E1-A68A-FDFD62B2EA29}.Release|iPhoneSimulator.Build.0 = Release|iPhoneSimulator
		{7B301D1B-4EA0-41E1-A68A-FDFD62B2EA29}.Release|x64.ActiveCfg = Release|iPhone
		{7B301D1B-4EA0-41E1-A68A-FDFD62B2EA29}.Release|x86.ActiveCfg = Release|iPhone
		{A4A1D92D-0A25-4B81-9B10-2DF6215E0533}.Ad-Hoc|Any CPU.ActiveCfg = Release|x64
		{A4A1D92D-0A25-4B81-9B10-2DF6215E0533}.Ad-Hoc|Any CPU.Build.0 = Release|x64
		{A4A1D92D-0A25-4B81-9B10-2DF6215E0533}.Ad-Hoc|Any CPU.Deploy.0 = Release|x64
		{A4A1D92D-0A25-4B81-9B10-2DF6215E0533}.Ad-Hoc|ARM.ActiveCfg = Release|ARM
		{A4A1D92D-0A25-4B81-9B10-2DF6215E0533}.Ad-Hoc|ARM.Build.0 = Release|ARM
		{A4A1D92D-0A25-4B81-9B10-2DF6215E0533}.Ad-Hoc|ARM.Deploy.0 = Release|ARM
		{A4A1D92D-0A25-4B81-9B10-2DF6215E0533}.Ad-Hoc|iPhone.ActiveCfg = Release|x64
		{A4A1D92D-0A25-4B81-9B10-2DF6215E0533}.Ad-Hoc|iPhone.Build.0 = Release|x64
		{A4A1D92D-0A25-4B81-9B10-2DF6215E0533}.Ad-Hoc|iPhone.Deploy.0 = Release|x64
		{A4A1D92D-0A25-4B81-9B10-2DF6215E0533}.Ad-Hoc|iPhoneSimulator.ActiveCfg = Release|x64
		{A4A1D92D-0A25-4B81-9B10-2DF6215E0533}.Ad-Hoc|iPhoneSimulator.Build.0 = Release|x64
		{A4A1D92D-0A25-4B81-9B10-2DF6215E0533}.Ad-Hoc|iPhoneSimulator.Deploy.0 = Release|x64
		{A4A1D92D-0A25-4B81-9B10-2DF6215E0533}.Ad-Hoc|x64.ActiveCfg = Release|x64
		{A4A1D92D-0A25-4B81-9B10-2DF6215E0533}.Ad-Hoc|x64.Build.0 = Release|x64
		{A4A1D92D-0A25-4B81-9B10-2DF6215E0533}.Ad-Hoc|x64.Deploy.0 = Release|x64
		{A4A1D92D-0A25-4B81-9B10-2DF6215E0533}.Ad-Hoc|x86.ActiveCfg = Release|x86
		{A4A1D92D-0A25-4B81-9B10-2DF6215E0533}.Ad-Hoc|x86.Build.0 = Release|x86
		{A4A1D92D-0A25-4B81-9B10-2DF6215E0533}.Ad-Hoc|x86.Deploy.0 = Release|x86
		{A4A1D92D-0A25-4B81-9B10-2DF6215E0533}.AppStore|Any CPU.ActiveCfg = Release|x64
		{A4A1D92D-0A25-4B81-9B10-2DF6215E0533}.AppStore|Any CPU.Build.0 = Release|x64
		{A4A1D92D-0A25-4B81-9B10-2DF6215E0533}.AppStore|Any CPU.Deploy.0 = Release|x64
		{A4A1D92D-0A25-4B81-9B10-2DF6215E0533}.AppStore|ARM.ActiveCfg = Release|ARM
		{A4A1D92D-0A25-4B81-9B10-2DF6215E0533}.AppStore|ARM.Build.0 = Release|ARM
		{A4A1D92D-0A25-4B81-9B10-2DF6215E0533}.AppStore|ARM.Deploy.0 = Release|ARM
		{A4A1D92D-0A25-4B81-9B10-2DF6215E0533}.AppStore|iPhone.ActiveCfg = Release|x64
		{A4A1D92D-0A25-4B81-9B10-2DF6215E0533}.AppStore|iPhone.Build.0 = Release|x64
		{A4A1D92D-0A25-4B81-9B10-2DF6215E0533}.AppStore|iPhone.Deploy.0 = Release|x64
		{A4A1D92D-0A25-4B81-9B10-2DF6215E0533}.AppStore|iPhoneSimulator.ActiveCfg = Release|x64
		{A4A1D92D-0A25-4B81-9B10-2DF6215E0533}.AppStore|iPhoneSimulator.Build.0 = Release|x64
		{A4A1D92D-0A25-4B81-9B10-2DF6215E0533}.AppStore|iPhoneSimulator.Deploy.0 = Release|x64
		{A4A1D92D-0A25-4B81-9B10-2DF6215E0533}.AppStore|x64.ActiveCfg = Release|x64
		{A4A1D92D-0A25-4B81-9B10-2DF6215E0533}.AppStore|x64.Build.0 = Release|x64
		{A4A1D92D-0A25-4B81-9B10-2DF6215E0533}.AppStore|x64.Deploy.0 = Release|x64
		{A4A1D92D-0A25-4B81-9B10-2DF6215E0533}.AppStore|x86.ActiveCfg = Release|x86
		{A4A1D92D-0A25-4B81-9B10-2DF6215E0533}.AppStore|x86.Build.0 = Release|x86
		{A4A1D92D-0A25-4B81-9B10-2DF6215E0533}.AppStore|x86.Deploy.0 = Release|x86
		{A4A1D92D-0A25-4B81-9B10-2DF6215E0533}.Debug|Any CPU.ActiveCfg = Debug|x86
		{A4A1D92D-0A25-4B81-9B10-2DF6215E0533}.Debug|ARM.ActiveCfg = Debug|ARM
		{A4A1D92D-0A25-4B81-9B10-2DF6215E0533}.Debug|ARM.Build.0 = Debug|ARM
		{A4A1D92D-0A25-4B81-9B10-2DF6215E0533}.Debug|ARM.Deploy.0 = Debug|ARM
		{A4A1D92D-0A25-4B81-9B10-2DF6215E0533}.Debug|iPhone.ActiveCfg = Debug|x86
		{A4A1D92D-0A25-4B81-9B10-2DF6215E0533}.Debug|iPhoneSimulator.ActiveCfg = Debug|x86
		{A4A1D92D-0A25-4B81-9B10-2DF6215E0533}.Debug|x64.ActiveCfg = Debug|x64
		{A4A1D92D-0A25-4B81-9B10-2DF6215E0533}.Debug|x64.Build.0 = Debug|x64
		{A4A1D92D-0A25-4B81-9B10-2DF6215E0533}.Debug|x64.Deploy.0 = Debug|x64
		{A4A1D92D-0A25-4B81-9B10-2DF6215E0533}.Debug|x86.ActiveCfg = Debug|x86
		{A4A1D92D-0A25-4B81-9B10-2DF6215E0533}.Debug|x86.Build.0 = Debug|x86
		{A4A1D92D-0A25-4B81-9B10-2DF6215E0533}.Debug|x86.Deploy.0 = Debug|x86
		{A4A1D92D-0A25-4B81-9B10-2DF6215E0533}.Release|Any CPU.ActiveCfg = Release|x86
		{A4A1D92D-0A25-4B81-9B10-2DF6215E0533}.Release|ARM.ActiveCfg = Release|ARM
		{A4A1D92D-0A25-4B81-9B10-2DF6215E0533}.Release|ARM.Build.0 = Release|ARM
		{A4A1D92D-0A25-4B81-9B10-2DF6215E0533}.Release|ARM.Deploy.0 = Release|ARM
		{A4A1D92D-0A25-4B81-9B10-2DF6215E0533}.Release|iPhone.ActiveCfg = Release|x86
		{A4A1D92D-0A25-4B81-9B10-2DF6215E0533}.Release|iPhoneSimulator.ActiveCfg = Release|x86
		{A4A1D92D-0A25-4B81-9B10-2DF6215E0533}.Release|x64.ActiveCfg = Release|x64
		{A4A1D92D-0A25-4B81-9B10-2DF6215E0533}.Release|x64.Build.0 = Release|x64
		{A4A1D92D-0A25-4B81-9B10-2DF6215E0533}.Release|x64.Deploy.0 = Release|x64
		{A4A1D92D-0A25-4B81-9B10-2DF6215E0533}.Release|x86.ActiveCfg = Release|x86
		{A4A1D92D-0A25-4B81-9B10-2DF6215E0533}.Release|x86.Build.0 = Release|x86
		{A4A1D92D-0A25-4B81-9B10-2DF6215E0533}.Release|x86.Deploy.0 = Release|x86
		{EE6B05F8-2F46-4592-9A98-B54A78343D99}.Ad-Hoc|Any CPU.ActiveCfg = Debug|Any CPU
		{EE6B05F8-2F46-4592-9A98-B54A78343D99}.Ad-Hoc|Any CPU.Build.0 = Debug|Any CPU
		{EE6B05F8-2F46-4592-9A98-B54A78343D99}.Ad-Hoc|ARM.ActiveCfg = Debug|Any CPU
		{EE6B05F8-2F46-4592-9A98-B54A78343D99}.Ad-Hoc|ARM.Build.0 = Debug|Any CPU
		{EE6B05F8-2F46-4592-9A98-B54A78343D99}.Ad-Hoc|iPhone.ActiveCfg = Debug|Any CPU
		{EE6B05F8-2F46-4592-9A98-B54A78343D99}.Ad-Hoc|iPhone.Build.0 = Debug|Any CPU
		{EE6B05F8-2F46-4592-9A98-B54A78343D99}.Ad-Hoc|iPhoneSimulator.ActiveCfg = Debug|Any CPU
		{EE6B05F8-2F46-4592-9A98-B54A78343D99}.Ad-Hoc|iPhoneSimulator.Build.0 = Debug|Any CPU
		{EE6B05F8-2F46-4592-9A98-B54A78343D99}.Ad-Hoc|x64.ActiveCfg = Debug|Any CPU
		{EE6B05F8-2F46-4592-9A98-B54A78343D99}.Ad-Hoc|x64.Build.0 = Debug|Any CPU
		{EE6B05F8-2F46-4592-9A98-B54A78343D99}.Ad-Hoc|x86.ActiveCfg = Debug|Any CPU
		{EE6B05F8-2F46-4592-9A98-B54A78343D99}.Ad-Hoc|x86.Build.0 = Debug|Any CPU
		{EE6B05F8-2F46-4592-9A98-B54A78343D99}.AppStore|Any CPU.ActiveCfg = Debug|Any CPU
		{EE6B05F8-2F46-4592-9A98-B54A78343D99}.AppStore|Any CPU.Build.0 = Debug|Any CPU
		{EE6B05F8-2F46-4592-9A98-B54A78343D99}.AppStore|ARM.ActiveCfg = Debug|Any CPU
		{EE6B05F8-2F46-4592-9A98-B54A78343D99}.AppStore|ARM.Build.0 = Debug|Any CPU
		{EE6B05F8-2F46-4592-9A98-B54A78343D99}.AppStore|iPhone.ActiveCfg = Debug|Any CPU
		{EE6B05F8-2F46-4592-9A98-B54A78343D99}.AppStore|iPhone.Build.0 = Debug|Any CPU
		{EE6B05F8-2F46-4592-9A98-B54A78343D99}.AppStore|iPhoneSimulator.ActiveCfg = Debug|Any CPU
		{EE6B05F8-2F46-4592-9A98-B54A78343D99}.AppStore|iPhoneSimulator.Build.0 = Debug|Any CPU
		{EE6B05F8-2F46-4592-9A98-B54A78343D99}.AppStore|x64.ActiveCfg = Debug|Any CPU
		{EE6B05F8-2F46-4592-9A98-B54A78343D99}.AppStore|x64.Build.0 = Debug|Any CPU
		{EE6B05F8-2F46-4592-9A98-B54A78343D99}.AppStore|x86.ActiveCfg = Debug|Any CPU
		{EE6B05F8-2F46-4592-9A98-B54A78343D99}.AppStore|x86.Build.0 = Debug|Any CPU
		{EE6B05F8-2F46-4592-9A98-B54A78343D99}.Debug|Any CPU.ActiveCfg = Debug|Any CPU
		{EE6B05F8-2F46-4592-9A98-B54A78343D99}.Debug|Any CPU.Build.0 = Debug|Any CPU
		{EE6B05F8-2F46-4592-9A98-B54A78343D99}.Debug|ARM.ActiveCfg = Debug|Any CPU
		{EE6B05F8-2F46-4592-9A98-B54A78343D99}.Debug|ARM.Build.0 = Debug|Any CPU
		{EE6B05F8-2F46-4592-9A98-B54A78343D99}.Debug|iPhone.ActiveCfg = Debug|Any CPU
		{EE6B05F8-2F46-4592-9A98-B54A78343D99}.Debug|iPhone.Build.0 = Debug|Any CPU
		{EE6B05F8-2F46-4592-9A98-B54A78343D99}.Debug|iPhoneSimulator.ActiveCfg = Debug|Any CPU
		{EE6B05F8-2F46-4592-9A98-B54A78343D99}.Debug|iPhoneSimulator.Build.0 = Debug|Any CPU
		{EE6B05F8-2F46-4592-9A98-B54A78343D99}.Debug|x64.ActiveCfg = Debug|Any CPU
		{EE6B05F8-2F46-4592-9A98-B54A78343D99}.Debug|x64.Build.0 = Debug|Any CPU
		{EE6B05F8-2F46-4592-9A98-B54A78343D99}.Debug|x86.ActiveCfg = Debug|Any CPU
		{EE6B05F8-2F46-4592-9A98-B54A78343D99}.Debug|x86.Build.0 = Debug|Any CPU
		{EE6B05F8-2F46-4592-9A98-B54A78343D99}.Release|Any CPU.ActiveCfg = Release|Any CPU
		{EE6B05F8-2F46-4592-9A98-B54A78343D99}.Release|Any CPU.Build.0 = Release|Any CPU
		{EE6B05F8-2F46-4592-9A98-B54A78343D99}.Release|ARM.ActiveCfg = Release|Any CPU
		{EE6B05F8-2F46-4592-9A98-B54A78343D99}.Release|ARM.Build.0 = Release|Any CPU
		{EE6B05F8-2F46-4592-9A98-B54A78343D99}.Release|iPhone.ActiveCfg = Release|Any CPU
		{EE6B05F8-2F46-4592-9A98-B54A78343D99}.Release|iPhone.Build.0 = Release|Any CPU
		{EE6B05F8-2F46-4592-9A98-B54A78343D99}.Release|iPhoneSimulator.ActiveCfg = Release|Any CPU
		{EE6B05F8-2F46-4592-9A98-B54A78343D99}.Release|iPhoneSimulator.Build.0 = Release|Any CPU
		{EE6B05F8-2F46-4592-9A98-B54A78343D99}.Release|x64.ActiveCfg = Release|Any CPU
		{EE6B05F8-2F46-4592-9A98-B54A78343D99}.Release|x64.Build.0 = Release|Any CPU
		{EE6B05F8-2F46-4592-9A98-B54A78343D99}.Release|x86.ActiveCfg = Release|Any CPU
		{EE6B05F8-2F46-4592-9A98-B54A78343D99}.Release|x86.Build.0 = Release|Any CPU
	EndGlobalSection
	GlobalSection(SolutionProperties) = preSolution
		HideSolutionNode = FALSE
	EndGlobalSection
	GlobalSection(NestedProjects) = preSolution
		{A71E876C-06B6-41DC-95C6-4AEFB6BD9AA1} = {177C8B80-B0E5-4A9C-8B97-ABA202395EEB}
		{40BBE779-3D7E-488B-9D77-83043E87B26E} = {177C8B80-B0E5-4A9C-8B97-ABA202395EEB}
		{7B301D1B-4EA0-41E1-A68A-FDFD62B2EA29} = {177C8B80-B0E5-4A9C-8B97-ABA202395EEB}
		{A4A1D92D-0A25-4B81-9B10-2DF6215E0533} = {177C8B80-B0E5-4A9C-8B97-ABA202395EEB}
	EndGlobalSection
	GlobalSection(ExtensibilityGlobals) = postSolution
		SolutionGuid = {F845018C-57ED-4C6F-ACD0-7DC62718C719}
	EndGlobalSection
EndGlobal
